
Microsoft Visual Studio Solution File, Format Version 12.00
Project("{FAE04EC0-301F-11D3-BF4B-00C04F79EFBC}") = "PortFolioAPI", "PortFolioAPI.csproj", "{A7CFCB48-2258-4775-BCC0-BA30F2A43635}"
EndProject
Global
	GlobalSection(SolutionConfigurationPlatforms) = preSolution
		Debug|Any CPU = Debug|Any CPU
		Release|Any CPU = Release|Any CPU
	EndGlobalSection
	GlobalSection(ProjectConfigurationPlatforms) = postSolution
		{A7CFCB48-2258-4775-BCC0-BA30F2A43635}.Debug|Any CPU.ActiveCfg = Debug|Any CPU
		{A7CFCB48-2258-4775-BCC0-BA30F2A43635}.Debug|Any CPU.Build.0 = Debug|Any CPU
		{A7CFCB48-2258-4775-BCC0-BA30F2A43635}.Release|Any CPU.ActiveCfg = Release|Any CPU
		{A7CFCB48-2258-4775-BCC0-BA30F2A43635}.Release|Any CPU.Build.0 = Release|Any CPU
	EndGlobalSection
EndGlobal
